lockfileVersion: '9.0'

settings:
  autoInstallPeers: true
  excludeLinksFromLockfile: false

importers:

  .:
    devDependencies:
      '@rslib/core':
        specifier: 1.0.0-rc.0
        version: 1.0.0-rc.0(typescript@6.0.3)
      '@types/node':
        specifier: ^24.13.3
        version: 24.13.3
      typescript:
        specifier: ^6.0.3
        version: 6.0.3

packages:

  '@ast-grep/napi-darwin-arm64@0.37.0':
    resolution: {integrity: sha512-QAiIiaAbLvMEg/yBbyKn+p1gX2/FuaC0SMf7D7capm/oG4xGMzdeaQIcSosF4TCxxV+hIH4Bz9e4/u7w6Bnk3Q==}
    engines: {node: '>= 10'}
    cpu: [arm64]
    os: [darwin]

  '@ast-grep/napi-darwin-x64@0.37.0':
    resolution: {integrity: sha512-zvcvdgekd4ySV3zUbUp8HF5nk5zqwiMXTuVzTUdl/w08O7JjM6XPOIVT+d2o/MqwM9rsXdzdergY5oY2RdhSPA==}
    engines: {node: '>= 10'}
    cpu: [x64]
    os: [darwin]

  '@ast-grep/napi-linux-arm64-gnu@0.37.0':
    resolution: {integrity: sha512-L7Sj0lXy8X+BqSMgr1LB8cCoWk0rericdeu+dC8/c8zpsav5Oo2IQKY1PmiZ7H8IHoFBbURLf8iklY9wsD+cyA==}
    engines: {node: '>= 10'}
    cpu: [arm64]
    os: [linux]
    libc: [glibc]

  '@ast-grep/napi-linux-arm64-musl@0.37.0':
    resolution: {integrity: sha512-LF9sAvYy6es/OdyJDO3RwkX3I82Vkfsng1sqUBcoWC1jVb1wX5YVzHtpQox9JrEhGl+bNp7FYxB4Qba9OdA5GA==}
    engines: {node: '>= 10'}
    cpu: [arm64]
    os: [linux]
    libc: [musl]

  '@ast-grep/napi-linux-x64-gnu@0.37.0':
    resolution: {integrity: sha512-TViz5/klqre6aSmJzswEIjApnGjJzstG/SE8VDWsrftMBMYt2PTu3MeluZVwzSqDao8doT/P+6U11dU05UOgxw==}
    engines: {node: '>= 10'}
    cpu: [x64]
    os: [linux]
    libc: [glibc]

  '@ast-grep/napi-linux-x64-musl@0.37.0':
    resolution: {integrity: sha512-/BcCH33S9E3ovOAEoxYngUNXgb+JLg991sdyiNP2bSoYd30a9RHrG7CYwW6fMgua3ijQ474eV6cq9yZO1bCpXg==}
    engines: {node: '>= 10'}
    cpu: [x64]
    os: [linux]
    libc: [musl]

  '@ast-grep/napi-win32-arm64-msvc@0.37.0':
    resolution: {integrity: sha512-TjQA4cFoIEW2bgjLkaL9yqT4XWuuLa5MCNd0VCDhGRDMNQ9+rhwi9eLOWRaap3xzT7g+nlbcEHL3AkVCD2+b3A==}
    engines: {node: '>= 10'}
    cpu: [arm64]
    os: [win32]

  '@ast-grep/napi-win32-ia32-msvc@0.37.0':
    resolution: {integrity: sha512-uNmVka8fJCdYsyOlF9aZqQMLTatEYBynjChVTzUfFMDfmZ0bihs/YTqJVbkSm8TZM7CUX82apvn50z/dX5iWRA==}
    engines: {node: '>= 10'}
    cpu: [ia32]
    os: [win32]

  '@ast-grep/napi-win32-x64-msvc@0.37.0':
    resolution: {integrity: sha512-vCiFOT3hSCQuHHfZ933GAwnPzmL0G04JxQEsBRfqONywyT8bSdDc/ECpAfr3S9VcS4JZ9/F6tkePKW/Om2Dq2g==}
    engines: {node: '>= 10'}
    cpu: [x64]
    os: [win32]

  '@ast-grep/napi@0.37.0':
    resolution: {integrity: sha512-Hb4o6h1Pf6yRUAX07DR4JVY7dmQw+RVQMW5/m55GoiAT/VRoKCWBtIUPPOnqDVhbx1Cjfil9b6EDrgJsUAujEQ==}
    engines: {node: '>= 10'}

  '@emnapi/core@1.11.3':
    resolution: {integrity: sha512-zLpS5asjEb7lq8jYLq37N6XKaE41DIexlY1rF/z4/tIl3wo13Sqm28fRyfIsKZD+NZ8mM5RoKkpW/rBcuoSZSg==}

  '@emnapi/runtime@1.11.3':
    resolution: {integrity: sha512-Xz4Tpyki7XyrpbUK1jR1AhdAdaXyhhY4lZ3neLodmhpuWfy2PAQN5B46sAiU4liOXGLkHypn/qU+jvfWSCYYLA==}

  '@emnapi/wasi-threads@1.2.3':
    resolution: {integrity: sha512-ELEBe8PsLvvJ6QMr0zLt8ffvOHW/dc1m3CEzNMg7aJUv3bMaoDtw2TXyDAwkYBuroxxuHEwhRTLJSe5sya547g==}

  '@napi-rs/wasm-runtime@1.1.6':
    resolution: {integrity: sha512-ZLv/JdUfkvOy9eCnnBaGfiO+XimbjebAeO+MRQqD/B+FR1tnRN0tpKSJHRbE8sFfS6aqsXZ67TQjfwfsxULVbg==}
    peerDependencies:
      '@emnapi/core': ^1.7.1
      '@emnapi/runtime': ^1.7.1

  '@rsbuild/core@2.2.0-beta.2':
    resolution: {integrity: sha512-Z2Kc0skwc3KWmCN/T7zVqSlSady7Ii+eDNG3+Go7H9XP0oZo7ZN1FXXA0yaV/wJls1swsIKuNhaTU6BeUNIXhA==}
    engines: {node: ^20.19.0 || >=22.12.0}
    hasBin: true
    peerDependencies:
      core-js: '>= 3.0.0'
    peerDependenciesMeta:
      core-js:
        optional: true

  '@rslib/core@1.0.0-rc.0':
    resolution: {integrity: sha512-JpMVCAILFF9BSB13DbPPLeqGm5My/vCsy3enqBZqnBOUXCJ5d1NuQH+K0d+35DQTsPAMWmGMHCKF8lxxMBWZyQ==}
    engines: {node: ^20.19.0 || >=22.12.0}
    hasBin: true
    peerDependencies:
      '@microsoft/api-extractor': ^7
      typescript: ^5 || ^6 || ^7
    peerDependenciesMeta:
      '@microsoft/api-extractor':
        optional: true
      typescript:
        optional: true

  '@rspack/binding-darwin-arm64@2.2.0-rc.0':
    resolution: {integrity: sha512-Uvy3YnN1pCLe+2/8hF06KiCPegf8ztOuM3VE/p0MJKRitkL5DPoZVHyc40zl6e+O5WB/9tJ5tnEgRG9pDWxFng==}
    cpu: [arm64]
    os: [darwin]

  '@rspack/binding-darwin-x64@2.2.0-rc.0':
    resolution: {integrity: sha512-UQO0PgLarsA0lv96uqCTAH1eAnAIPHb+qhMfds5ubWKZgKlr0taGQl253C3DN5pfzbHWfNQgAfVUaVMydm9czw==}
    cpu: [x64]
    os: [darwin]

  '@rspack/binding-linux-arm64-gnu@2.2.0-rc.0':
    resolution: {integrity: sha512-ZggL6W9ckpvhqIPi7K3zDRiEaQd5Co2qRnN5J8OMmBkQlvYQek0CE/SZHFcZsDM0//6+0mkI+VjaTeWdvqJsaQ==}
    cpu: [arm64]
    os: [linux]
    libc: [glibc]

  '@rspack/binding-linux-arm64-musl@2.2.0-rc.0':
    resolution: {integrity: sha512-MfDTg9fn/17lRtGMsHLK8BQJs+AEtTsVMWOg1CMou/ls8IrucXoFZ9Ux0i2Jq1ph1ZiKgr4l7pMzdk3SXpNiQg==}
    cpu: [arm64]
    os: [linux]
    libc: [musl]

  '@rspack/binding-linux-ppc64-gnu@2.2.0-rc.0':
    resolution: {integrity: sha512-n84s99eIMr/4xQ1XCctxtu4AnchukynuyJ4DaJ4vlcRKVdFAnPSpUH669rAxztsby5xa3ftAASmxwXhMUFzMsg==}
    cpu: [ppc64]
    os: [linux]
    libc: [glibc]

  '@rspack/binding-linux-riscv64-gnu@2.2.0-rc.0':
    resolution: {integrity: sha512-s5bg/LlwnMSVXZfR16KGO3jVWUpobbPp90qE2DXwfaFpcLmMweUnANERM2mCpIiW3MuVnTAXTEjvEcxfB4mXEw==}
    cpu: [riscv64]
    os: [linux]
    libc: [glibc]

  '@rspack/binding-linux-riscv64-musl@2.2.0-rc.0':
    resolution: {integrity: sha512-XNjEnkrNv67CZ4/IhkPQVfNkz9JHevelgZspzuuJOOyn+Z9b1m8JN+shv5Kq06sSudN9aQpLLa6slbHlKGv9lA==}
    cpu: [riscv64]
    os: [linux]
    libc: [musl]

  '@rspack/binding-linux-s390x-gnu@2.2.0-rc.0':
    resolution: {integrity: sha512-OQpj1j6Jfy+YBYDSGwJisZZEXS3g0Y/M5xlb26yqlZBKA/7kamCMDccUPTKNpuJaRQXK1DUerBsA+AK8TELG3g==}
    cpu: [s390x]
    os: [linux]
    libc: [glibc]

  '@rspack/binding-linux-x64-gnu@2.2.0-rc.0':
    resolution: {integrity: sha512-1QoW+7zjApCgL4v5P14AmnxfvOMCk131abSBCl/+u6h/aIainSwpf+O3ar0FqvkQaSPPOQJrg03ys57WyEwlAQ==}
    cpu: [x64]
    os: [linux]
    libc: [glibc]

  '@rspack/binding-linux-x64-musl@2.2.0-rc.0':
    resolution: {integrity: sha512-KLN4bIC3M1dSEuPBX1SPOEkBRyZnnIx8vBjfIFFpKa1bw/CsOHDF7Y6IAAsf9hir7dH3cUd4vaPSCVRM4KiTDw==}
    cpu: [x64]
    os: [linux]
    libc: [musl]

  '@rspack/binding-wasm32-wasi@2.2.0-rc.0':
    resolution: {integrity: sha512-2Vvtckz5DNghQKQKwghfM4j30MOu7t9J7mbUCCi7mTUccpy7Cnr0HPmSV9Jx4sUj6vgQEV+8lIAIxNDNtr0Vhg==}
    cpu: [wasm32]

  '@rspack/binding-win32-arm64-msvc@2.2.0-rc.0':
    resolution: {integrity: sha512-enPqTT2sdt6HgItyk6SA6ubvZ2UXkFIpwhsCuoL83z9vHoDw/Y8obC8L92nIuK6FDP17tokm/r1SFPhDZJIYcg==}
    cpu: [arm64]
    os: [win32]

  '@rspack/binding-win32-ia32-msvc@2.2.0-rc.0':
    resolution: {integrity: sha512-qYeZLJDfboqkWmNcqazjUcld2QegyErDJVaCfAPm2mnneMmKhQWsOs/DmlqRfC4ePaQN9uOtu26iLwKy2o1sgw==}
    cpu: [ia32]
    os: [win32]

  '@rspack/binding-win32-x64-msvc@2.2.0-rc.0':
    resolution: {integrity: sha512-bvzp27ZvpZW1vcCG/srk/K/6cffcR/kqDUcW8dWEMFlntPSBTml9lOC4ouSBpU7n/qIwG6hKE56FaTWWapc3Lw==}
    cpu: [x64]
    os: [win32]

  '@rspack/binding@2.2.0-rc.0':
    resolution: {integrity: sha512-/Q9ysTd5ajEbIS+Sv61trElR7pWAa5LvcWNrYT+AKI9APsVwy4Y3CIPjEkd7jYeNHl1PJWSLCOUy+BzRUICDUg==}

  '@rspack/core@2.2.0-rc.0':
    resolution: {integrity: sha512-2LAdAFF/ZdnBRltI+IievGhysby9LESxvELxS1ZVkPc1F6ZAJ1skIcCNOLmfZeoYwQ5nXZjdUCbCf9MFDMWJjg==}
    engines: {node: ^20.19.0 || >=22.12.0}
    peerDependencies:
      '@module-federation/runtime-tools': ^0.24.1 || ^2.0.0
      '@swc/helpers': ^0.5.23
    peerDependenciesMeta:
      '@module-federation/runtime-tools':
        optional: true
      '@swc/helpers':
        optional: true

  '@swc/helpers@0.5.23':
    resolution: {integrity: sha512-5lSsMOTXURePglDfvuAQUqkGek9Hg2kksOYay2m0+XR++b2NWYL/4sWyuvVBIs8oKnJaxkdi9whaL/sqN13afw==}

  '@tybys/wasm-util@0.10.3':
    resolution: {integrity: sha512-F3fo1MYrRJYL3zER0OUOmkutjr1Vp23m7OsSgp7nq4SP6OqX6C/56XFIPAl5bt3zaBRjmW7SGz3u/6LwFpYcOg==}

  '@types/node@24.13.3':
    resolution: {integrity: sha512-Dh8vAsV36ig5wa9OX4pXvMc9D3Veibfw2wix0CUwYODLD8nkj9UsLjASr49nPg+2eKzxhBV+v7L8pXvT4e639Q==}

  rsbuild-plugin-dts@1.0.0-rc.0:
    resolution: {integrity: sha512-eQJYXzmEY0YKNadXORdgIk/+t8Cw3+Y6s/haJZUv9pyRuBwAK1XKvkd+ucsYxa6ZsnGpD9ZbPBOW2sqgvCyc6g==}
    engines: {node: ^20.19.0 || >=22.12.0}
    peerDependencies:
      '@microsoft/api-extractor': ^7
      '@rsbuild/core': ^2.0.0
      typescript: ^5 || ^6 || ^7
    peerDependenciesMeta:
      '@microsoft/api-extractor':
        optional: true
      typescript:
        optional: true

  tslib@2.8.1:
    resolution: {integrity: sha512-oJFu94HQb+KVduSUQL7wnpmqnfmLsOA/nAh6b6EH0wCEoK0/mPeXU6c3wKDV83MkOuHPRHtSXKKU99IBazS/2w==}

  typescript@6.0.3:
    resolution: {integrity: sha512-y2TvuxSZPDyQakkFRPZHKFm+KKVqIisdg9/CZwm9ftvKXLP8NRWj38/ODjNbr43SsoXqNuAisEf1GdCxqWcdBw==}
    engines: {node: '>=14.17'}
    hasBin: true

  undici-types@7.18.2:
    resolution: {integrity: sha512-AsuCzffGHJybSaRrmr5eHr81mwJU3kjw6M+uprWvCXiNeN9SOGwQ3Jn8jb8m3Z6izVgknn1R0FTCEAP2QrLY/w==}

snapshots:

  '@ast-grep/napi-darwin-arm64@0.37.0':
    optional: true

  '@ast-grep/napi-darwin-x64@0.37.0':
    optional: true

  '@ast-grep/napi-linux-arm64-gnu@0.37.0':
    optional: true

  '@ast-grep/napi-linux-arm64-musl@0.37.0':
    optional: true

  '@ast-grep/napi-linux-x64-gnu@0.37.0':
    optional: true

  '@ast-grep/napi-linux-x64-musl@0.37.0':
    optional: true

  '@ast-grep/napi-win32-arm64-msvc@0.37.0':
    optional: true

  '@ast-grep/napi-win32-ia32-msvc@0.37.0':
    optional: true

  '@ast-grep/napi-win32-x64-msvc@0.37.0':
    optional: true

  '@ast-grep/napi@0.37.0':
    optionalDependencies:
      '@ast-grep/napi-darwin-arm64': 0.37.0
      '@ast-grep/napi-darwin-x64': 0.37.0
      '@ast-grep/napi-linux-arm64-gnu': 0.37.0
      '@ast-grep/napi-linux-arm64-musl': 0.37.0
      '@ast-grep/napi-linux-x64-gnu': 0.37.0
      '@ast-grep/napi-linux-x64-musl': 0.37.0
      '@ast-grep/napi-win32-arm64-msvc': 0.37.0
      '@ast-grep/napi-win32-ia32-msvc': 0.37.0
      '@ast-grep/napi-win32-x64-msvc': 0.37.0

  '@emnapi/core@1.11.3':
    dependencies:
      '@emnapi/wasi-threads': 1.2.3
      tslib: 2.8.1
    optional: true

  '@emnapi/runtime@1.11.3':
    dependencies:
      tslib: 2.8.1
    optional: true

  '@emnapi/wasi-threads@1.2.3':
    dependencies:
      tslib: 2.8.1
    optional: true

  '@napi-rs/wasm-runtime@1.1.6(@emnapi/core@1.11.3)(@emnapi/runtime@1.11.3)':
    dependencies:
      '@emnapi/core': 1.11.3
      '@emnapi/runtime': 1.11.3
      '@tybys/wasm-util': 0.10.3
    optional: true

  '@rsbuild/core@2.2.0-beta.2':
    dependencies:
      '@rspack/core': 2.2.0-rc.0(@swc/helpers@0.5.23)
      '@swc/helpers': 0.5.23
    transitivePeerDependencies:
      - '@module-federation/runtime-tools'

  '@rslib/core@1.0.0-rc.0(typescript@6.0.3)':
    dependencies:
      '@rsbuild/core': 2.2.0-beta.2
      rsbuild-plugin-dts: 1.0.0-rc.0(@rsbuild/core@2.2.0-beta.2)(typescript@6.0.3)
    optionalDependencies:
      typescript: 6.0.3
    transitivePeerDependencies:
      - '@module-federation/runtime-tools'
      - core-js

  '@rspack/binding-darwin-arm64@2.2.0-rc.0':
    optional: true

  '@rspack/binding-darwin-x64@2.2.0-rc.0':
    optional: true

  '@rspack/binding-linux-arm64-gnu@2.2.0-rc.0':
    optional: true

  '@rspack/binding-linux-arm64-musl@2.2.0-rc.0':
    optional: true

  '@rspack/binding-linux-ppc64-gnu@2.2.0-rc.0':
    optional: true

  '@rspack/binding-linux-riscv64-gnu@2.2.0-rc.0':
    optional: true

  '@rspack/binding-linux-riscv64-musl@2.2.0-rc.0':
    optional: true

  '@rspack/binding-linux-s390x-gnu@2.2.0-rc.0':
    optional: true

  '@rspack/binding-linux-x64-gnu@2.2.0-rc.0':
    optional: true

  '@rspack/binding-linux-x64-musl@2.2.0-rc.0':
    optional: true

  '@rspack/binding-wasm32-wasi@2.2.0-rc.0':
    dependencies:
      '@emnapi/core': 1.11.3
      '@emnapi/runtime': 1.11.3
      '@napi-rs/wasm-runtime': 1.1.6(@emnapi/core@1.11.3)(@emnapi/runtime@1.11.3)
    optional: true

  '@rspack/binding-win32-arm64-msvc@2.2.0-rc.0':
    optional: true

  '@rspack/binding-win32-ia32-msvc@2.2.0-rc.0':
    optional: true

  '@rspack/binding-win32-x64-msvc@2.2.0-rc.0':
    optional: true

  '@rspack/binding@2.2.0-rc.0':
    optionalDependencies:
      '@rspack/binding-darwin-arm64': 2.2.0-rc.0
      '@rspack/binding-darwin-x64': 2.2.0-rc.0
      '@rspack/binding-linux-arm64-gnu': 2.2.0-rc.0
      '@rspack/binding-linux-arm64-musl': 2.2.0-rc.0
      '@rspack/binding-linux-ppc64-gnu': 2.2.0-rc.0
      '@rspack/binding-linux-riscv64-gnu': 2.2.0-rc.0
      '@rspack/binding-linux-riscv64-musl': 2.2.0-rc.0
      '@rspack/binding-linux-s390x-gnu': 2.2.0-rc.0
      '@rspack/binding-linux-x64-gnu': 2.2.0-rc.0
      '@rspack/binding-linux-x64-musl': 2.2.0-rc.0
      '@rspack/binding-wasm32-wasi': 2.2.0-rc.0
      '@rspack/binding-win32-arm64-msvc': 2.2.0-rc.0
      '@rspack/binding-win32-ia32-msvc': 2.2.0-rc.0
      '@rspack/binding-win32-x64-msvc': 2.2.0-rc.0

  '@rspack/core@2.2.0-rc.0(@swc/helpers@0.5.23)':
    dependencies:
      '@rspack/binding': 2.2.0-rc.0
    optionalDependencies:
      '@swc/helpers': 0.5.23

  '@swc/helpers@0.5.23':
    dependencies:
      tslib: 2.8.1

  '@tybys/wasm-util@0.10.3':
    dependencies:
      tslib: 2.8.1
    optional: true

  '@types/node@24.13.3':
    dependencies:
      undici-types: 7.18.2

  rsbuild-plugin-dts@1.0.0-rc.0(@rsbuild/core@2.2.0-beta.2)(typescript@6.0.3):
    dependencies:
      '@ast-grep/napi': 0.37.0
      '@rsbuild/core': 2.2.0-beta.2
    optionalDependencies:
      typescript: 6.0.3

  tslib@2.8.1: {}

  typescript@6.0.3: {}

  undici-types@7.18.2: {}
