lockfileVersion: '6.0'

settings:
  autoInstallPeers: true
  excludeLinksFromLockfile: false

devDependencies:
  '@microsoft/api-extractor':
    specifier: ^7.59.0
    version: 7.59.0(@types/node@24.13.3)
  '@rslib/core':
    specifier: 1.0.0
    version: 1.0.0(@microsoft/api-extractor@7.59.0)(typescript@6.0.3)
  '@types/node':
    specifier: ^24.13.3
    version: 24.13.3
  typescript:
    specifier: ^6.0.3
    version: 6.0.3

packages:

  /@ast-grep/napi-darwin-arm64@0.45.2:
    resolution: {integrity: sha512-29+sfXTJ7xxqgTuWAHA89gDAQIiJyAZ1ZiHoupjKIqyn0mhXrktO1WOghlDzyYs++hITEPOeXftxy48Y0tDGDQ==}
    engines: {node: '>= 10'}
    cpu: [arm64]
    os: [darwin]
    requiresBuild: true
    dev: true
    optional: true

  /@ast-grep/napi-darwin-x64@0.45.2:
    resolution: {integrity: sha512-PUjh7Zf4dKNzYLOYhX5wU6O4BgRPdJnD9zkS1n+/5SeK0U1L5YL486RjNgFt9Xyff0PGtP/wDeoHMF5PhKEwsw==}
    engines: {node: '>= 10'}
    cpu: [x64]
    os: [darwin]
    requiresBuild: true
    dev: true
    optional: true

  /@ast-grep/napi-linux-arm64-gnu@0.45.2:
    resolution: {integrity: sha512-bnGKLLHWO13pjPChOFq7Ifqj3HJdOAxMQAGDCUC2JSJhO2YL8/xBZrpN0cHIWNuoUNSAXjCtr5AsCnPz/3jlFg==}
    engines: {node: '>= 10'}
    cpu: [arm64]
    os: [linux]
    libc: [glibc]
    requiresBuild: true
    dev: true
    optional: true

  /@ast-grep/napi-linux-arm64-musl@0.45.2:
    resolution: {integrity: sha512-FXVb4/V55THjhKxi5zWVrAO8JQj+/DiYP7JLsqenkm5V3UNuC8p2opGOyQpUvNpvcqJiZA9Hl+Onj/yfwSVr/A==}
    engines: {node: '>= 10'}
    cpu: [arm64]
    os: [linux]
    libc: [musl]
    requiresBuild: true
    dev: true
    optional: true

  /@ast-grep/napi-linux-x64-gnu@0.45.2:
    resolution: {integrity: sha512-mtEIPLV9MW2PBswFcp3ydM4T5Ub73s89SRd0QMT2+DfA9XBLCLhnC+r/Yt4eRgnf8FyNx49bFTPxXvFKscr9hw==}
    engines: {node: '>= 10'}
    cpu: [x64]
    os: [linux]
    libc: [glibc]
    requiresBuild: true
    dev: true
    optional: true

  /@ast-grep/napi-linux-x64-musl@0.45.2:
    resolution: {integrity: sha512-WLLHxDmuXkb/e3mz/xDCrB2dZPzv1ntsepuRTtpaIGczxnQTgFSzX/CXPD0e1MfsU/QL1AiXxxni8w+NGy/ZpQ==}
    engines: {node: '>= 10'}
    cpu: [x64]
    os: [linux]
    libc: [musl]
    requiresBuild: true
    dev: true
    optional: true

  /@ast-grep/napi-win32-arm64-msvc@0.45.2:
    resolution: {integrity: sha512-04iOFaMzD2nf8CKw3nURWN42900wqPtUTQaMo1I2KRk3qbgtHSJjJoVJGAWUXkCq4LhPg3Xlk1s+ssWf4rNm2A==}
    engines: {node: '>= 10'}
    cpu: [arm64]
    os: [win32]
    requiresBuild: true
    dev: true
    optional: true

  /@ast-grep/napi-win32-ia32-msvc@0.45.2:
    resolution: {integrity: sha512-tE3y0RQcajocKwpYLbgHKd4lzGGAx1wGMA0bGPsWdoFK8VSob6ZDuYdSlSdnaRs8jAc4F3axToNRKn15p+0/Dg==}
    engines: {node: '>= 10'}
    cpu: [ia32]
    os: [win32]
    requiresBuild: true
    dev: true
    optional: true

  /@ast-grep/napi-win32-x64-msvc@0.45.2:
    resolution: {integrity: sha512-o8Z5Z42TAJe0fPnb11rrjtte58wlw/MuR4KpVMHl8IhJLBBR7gHR0E8wfMz88TxzsQz0U2KYev0k0a2fV4i0sQ==}
    engines: {node: '>= 10'}
    cpu: [x64]
    os: [win32]
    requiresBuild: true
    dev: true
    optional: true

  /@ast-grep/napi@0.45.2:
    resolution: {integrity: sha512-hBA5c7JV6OM7zFWoLjUNZhsDpxEIEIeew5S3z1giwK5tPQqobuFfM2OhS45bN3E0+yQtgCX/o8/AEHKbGD3ykg==}
    engines: {node: '>= 10'}
    optionalDependencies:
      '@ast-grep/napi-darwin-arm64': 0.45.2
      '@ast-grep/napi-darwin-x64': 0.45.2
      '@ast-grep/napi-linux-arm64-gnu': 0.45.2
      '@ast-grep/napi-linux-arm64-musl': 0.45.2
      '@ast-grep/napi-linux-x64-gnu': 0.45.2
      '@ast-grep/napi-linux-x64-musl': 0.45.2
      '@ast-grep/napi-win32-arm64-msvc': 0.45.2
      '@ast-grep/napi-win32-ia32-msvc': 0.45.2
      '@ast-grep/napi-win32-x64-msvc': 0.45.2
    dev: true

  /@emnapi/core@1.11.3:
    resolution: {integrity: sha512-zLpS5asjEb7lq8jYLq37N6XKaE41DIexlY1rF/z4/tIl3wo13Sqm28fRyfIsKZD+NZ8mM5RoKkpW/rBcuoSZSg==}
    requiresBuild: true
    dependencies:
      '@emnapi/wasi-threads': 1.2.3
      tslib: 2.8.1
    dev: true
    optional: true

  /@emnapi/runtime@1.11.3:
    resolution: {integrity: sha512-Xz4Tpyki7XyrpbUK1jR1AhdAdaXyhhY4lZ3neLodmhpuWfy2PAQN5B46sAiU4liOXGLkHypn/qU+jvfWSCYYLA==}
    requiresBuild: true
    dependencies:
      tslib: 2.8.1
    dev: true
    optional: true

  /@emnapi/wasi-threads@1.2.3:
    resolution: {integrity: sha512-ELEBe8PsLvvJ6QMr0zLt8ffvOHW/dc1m3CEzNMg7aJUv3bMaoDtw2TXyDAwkYBuroxxuHEwhRTLJSe5sya547g==}
    requiresBuild: true
    dependencies:
      tslib: 2.8.1
    dev: true
    optional: true

  /@microsoft/api-extractor-model@7.33.11(@types/node@24.13.3):
    resolution: {integrity: sha512-iDu1AtuRC2Z8XVs2SieZieVavF1FXPBX1C9pMexJh8Dx/Dd/3ZZ4nRQp/PU2Vk2rUHWuBz1wOyL4DcuhVnBXwg==}
    engines: {node: '>=20.9.0'}
    dependencies:
      '@microsoft/tsdoc': 0.16.0
      '@microsoft/tsdoc-config': 0.18.1
      '@rushstack/node-core-library': 5.24.0(@types/node@24.13.3)
    transitivePeerDependencies:
      - '@types/node'
    dev: true

  /@microsoft/api-extractor@7.59.0(@types/node@24.13.3):
    resolution: {integrity: sha512-KDYV8kSVjmG8JJWVg1f1aKxteNG1IQ44D07Rjhlcci8wlqrSFNhUfgv7dJhwT0W2h3NDIL5Vz2f+/DfO4OpDHw==}
    engines: {node: '>=20.9.0'}
    hasBin: true
    dependencies:
      '@microsoft/api-extractor-model': 7.33.11(@types/node@24.13.3)
      '@microsoft/tsdoc': 0.16.0
      '@microsoft/tsdoc-config': 0.18.1
      '@rushstack/node-core-library': 5.24.0(@types/node@24.13.3)
      '@rushstack/rig-package': 0.7.3
      '@rushstack/terminal': 0.24.3(@types/node@24.13.3)
      '@rushstack/ts-command-line': 5.3.13(@types/node@24.13.3)
      diff: 8.0.4
      minimatch: 10.2.3
      resolve: 1.22.12
      semver: 7.7.4
      source-map: 0.6.1
      typescript: 5.9.3
    transitivePeerDependencies:
      - '@types/node'
    dev: true

  /@microsoft/tsdoc-config@0.18.1:
    resolution: {integrity: sha512-9brPoVdfN9k9g0dcWkFeA7IH9bbcttzDJlXvkf8b2OBzd5MueR1V2wkKBL0abn0otvmkHJC6aapBOTJDDeMCZg==}
    dependencies:
      '@microsoft/tsdoc': 0.16.0
      ajv: 8.18.0
      jju: 1.4.0
      resolve: 1.22.12
    dev: true

  /@microsoft/tsdoc@0.16.0:
    resolution: {integrity: sha512-xgAyonlVVS+q7Vc7qLW0UrJU7rSFcETRWsqdXZtjzRU8dF+6CkozTK4V4y1LwOX7j8r/vHphjDeMeGI4tNGeGA==}
    dev: true

  /@napi-rs/wasm-runtime@1.1.6(@emnapi/core@1.11.3)(@emnapi/runtime@1.11.3):
    resolution: {integrity: sha512-ZLv/JdUfkvOy9eCnnBaGfiO+XimbjebAeO+MRQqD/B+FR1tnRN0tpKSJHRbE8sFfS6aqsXZ67TQjfwfsxULVbg==}
    requiresBuild: true
    peerDependencies:
      '@emnapi/core': ^1.7.1
      '@emnapi/runtime': ^1.7.1
    dependencies:
      '@emnapi/core': 1.11.3
      '@emnapi/runtime': 1.11.3
      '@tybys/wasm-util': 0.10.3
    dev: true
    optional: true

  /@rsbuild/core@2.2.2:
    resolution: {integrity: sha512-T82jUaeMUFhcBqpmKvRiNAcWMp6abxkvMEwiZi4x+gf7NAbyiF5jrbLnQLm1y4909eANsTSHenp99HlRPIByLw==}
    engines: {node: ^20.19.0 || >=22.12.0}
    hasBin: true
    peerDependencies:
      core-js: '>= 3.0.0'
    peerDependenciesMeta:
      core-js:
        optional: true
    dependencies:
      '@rspack/core': 2.2.2(@swc/helpers@0.5.23)
      '@swc/helpers': 0.5.23
    transitivePeerDependencies:
      - '@module-federation/runtime-tools'
    dev: true

  /@rslib/core@1.0.0(@microsoft/api-extractor@7.59.0)(typescript@6.0.3):
    resolution: {integrity: sha512-eZNXCWU1v5oti4+DKCunc76DkNnYqMgRtks9UyZRRFlmaK4pKAxhejeCUS+XkbMurGIAa+aDyVynQD7DXEgK1w==}
    engines: {node: ^20.19.0 || >=22.12.0}
    hasBin: true
    peerDependencies:
      '@microsoft/api-extractor': ^7
      typescript: ^5 || ^6 || ^7
    peerDependenciesMeta:
      '@microsoft/api-extractor':
        optional: true
      typescript:
        optional: true
    dependencies:
      '@microsoft/api-extractor': 7.59.0(@types/node@24.13.3)
      '@rsbuild/core': 2.2.2
      rsbuild-plugin-dts: 1.0.0(@microsoft/api-extractor@7.59.0)(@rsbuild/core@2.2.2)(typescript@6.0.3)
      typescript: 6.0.3
    transitivePeerDependencies:
      - '@module-federation/runtime-tools'
      - core-js
    dev: true

  /@rspack/binding-darwin-arm64@2.2.2:
    resolution: {integrity: sha512-/le/AvV4HSinXTPs2Lqpujxt189Z5T10Ggt96QzckLRPvIchzqoavVDDjltzC7XcaZ87XCH/X06jNKgzkcBBNA==}
    cpu: [arm64]
    os: [darwin]
    requiresBuild: true
    dev: true
    optional: true

  /@rspack/binding-darwin-x64@2.2.2:
    resolution: {integrity: sha512-uFIcUPUXiPxM6ljenLafp5TemT8eLZm1riRn8fJYmpqNCK+aCcTaud18XHZpI5SjzzcY+xUHfVShgvNzKXuf2g==}
    cpu: [x64]
    os: [darwin]
    requiresBuild: true
    dev: true
    optional: true

  /@rspack/binding-linux-arm64-gnu@2.2.2:
    resolution: {integrity: sha512-Pjby4pDSMNJQK2VBzpgCj6lb+DGuenS1fEDb6xi5/apbJb9v5WE+e43Mz7i+XqgXS8e846pjaONV3KM5WKB1LQ==}
    cpu: [arm64]
    os: [linux]
    libc: [glibc]
    requiresBuild: true
    dev: true
    optional: true

  /@rspack/binding-linux-arm64-musl@2.2.2:
    resolution: {integrity: sha512-0u9O7tTVT2z+F6o/eEY6f6+My8Jn9U56QiBwkfy90ZaoAfZyQSSTxqaK/zA7W43oFxQefeCpiPas27VUzrSakw==}
    cpu: [arm64]
    os: [linux]
    libc: [musl]
    requiresBuild: true
    dev: true
    optional: true

  /@rspack/binding-linux-ppc64-gnu@2.2.2:
    resolution: {integrity: sha512-N3lVnhq5qOvpmP5n386JzR1GcE8HzAqq4/r440Z6yle9m7PhVFJ6oXVWxgaDTYV0mtv9YLJmaG+YrjYfUa1vuA==}
    cpu: [ppc64]
    os: [linux]
    libc: [glibc]
    requiresBuild: true
    dev: true
    optional: true

  /@rspack/binding-linux-riscv64-gnu@2.2.2:
    resolution: {integrity: sha512-ReClZyp32/rJkUDV/oGDU0X6BCFyEkTR6r4stFwm/qOOaG6mUMRzZe4gur8Yh979p4Hiz9EdkmfEHY02GBXcaQ==}
    cpu: [riscv64]
    os: [linux]
    libc: [glibc]
    requiresBuild: true
    dev: true
    optional: true

  /@rspack/binding-linux-riscv64-musl@2.2.2:
    resolution: {integrity: sha512-mqsorvTNerr3r8zI35NFTPYATPDlhepdiUhZjKT6ylqpHlP7vLU9fp4aEMK/CuTv2f+IVsa0+iZqtMxHs2tSjw==}
    cpu: [riscv64]
    os: [linux]
    libc: [musl]
    requiresBuild: true
    dev: true
    optional: true

  /@rspack/binding-linux-s390x-gnu@2.2.2:
    resolution: {integrity: sha512-ql2Jub8QYWSugBppmj2u0SjcIj6fOQuAaLCYQOqU7zbvz/uuWTfoqmdWKExwrxeCU9Tzt7emVM0ETuVEpoca+A==}
    cpu: [s390x]
    os: [linux]
    libc: [glibc]
    requiresBuild: true
    dev: true
    optional: true

  /@rspack/binding-linux-x64-gnu@2.2.2:
    resolution: {integrity: sha512-MNYKYEHrtIVEno2q5rgpou/JVffRwn109xPK3kxct95EojHsniNa8jwy6eEHeOazP4EN60Si7NElE3aQ6JssHw==}
    cpu: [x64]
    os: [linux]
    libc: [glibc]
    requiresBuild: true
    dev: true
    optional: true

  /@rspack/binding-linux-x64-musl@2.2.2:
    resolution: {integrity: sha512-y9/9CmE8lrECaF17GAhacibTL+SvlEPEotQnUuBFC/WFtXh8hU2E7a7bAkpYGSLH6kM0nrJZHO3hTvM1wdWOJw==}
    cpu: [x64]
    os: [linux]
    libc: [musl]
    requiresBuild: true
    dev: true
    optional: true

  /@rspack/binding-wasm32-wasi@2.2.2:
    resolution: {integrity: sha512-VbDIjjeFwZvMSKAOGY5IbU6lLzt6AHHHncTdMMkZ94Xk7O2BOHe9BXDV32Ln29TIW2C8m1fdxfPZWDiecVghUQ==}
    cpu: [wasm32]
    requiresBuild: true
    dependencies:
      '@emnapi/core': 1.11.3
      '@emnapi/runtime': 1.11.3
      '@napi-rs/wasm-runtime': 1.1.6(@emnapi/core@1.11.3)(@emnapi/runtime@1.11.3)
    dev: true
    optional: true

  /@rspack/binding-win32-arm64-msvc@2.2.2:
    resolution: {integrity: sha512-rfcNg0W3ZPZvXma1gTyEt9/Z8FxASIaQr+sMWTSaTPPaeU3xY1+0hYcrD0kUFNs3/5L4u63myI4R8qRXiuW3pA==}
    cpu: [arm64]
    os: [win32]
    requiresBuild: true
    dev: true
    optional: true

  /@rspack/binding-win32-ia32-msvc@2.2.2:
    resolution: {integrity: sha512-TFPvr9RZw9oHIhooDhXHzWjKcHpGPTxkznSeM2poIWU0CdEuua2rVUfsrriTF1Dmx+9kMly61DQmyOHCbb+b2g==}
    cpu: [ia32]
    os: [win32]
    requiresBuild: true
    dev: true
    optional: true

  /@rspack/binding-win32-x64-msvc@2.2.2:
    resolution: {integrity: sha512-GvEGyL594dtWN9SoVnKWh0exrM8WLInaUjwcuA2JKbCi1ak/9iHxip/U1dY3DuVqBYBhmvYq96JPbl91xnzFjg==}
    cpu: [x64]
    os: [win32]
    requiresBuild: true
    dev: true
    optional: true

  /@rspack/binding@2.2.2:
    resolution: {integrity: sha512-gWjKDQfVQJSBh/I+y9WTlyERsiShSJ7eI6Yl0SJs/6gjx8t4ixuwWCsaEFFjwSL4nSn6ML5hNQ7UFY3gj72BWA==}
    optionalDependencies:
      '@rspack/binding-darwin-arm64': 2.2.2
      '@rspack/binding-darwin-x64': 2.2.2
      '@rspack/binding-linux-arm64-gnu': 2.2.2
      '@rspack/binding-linux-arm64-musl': 2.2.2
      '@rspack/binding-linux-ppc64-gnu': 2.2.2
      '@rspack/binding-linux-riscv64-gnu': 2.2.2
      '@rspack/binding-linux-riscv64-musl': 2.2.2
      '@rspack/binding-linux-s390x-gnu': 2.2.2
      '@rspack/binding-linux-x64-gnu': 2.2.2
      '@rspack/binding-linux-x64-musl': 2.2.2
      '@rspack/binding-wasm32-wasi': 2.2.2
      '@rspack/binding-win32-arm64-msvc': 2.2.2
      '@rspack/binding-win32-ia32-msvc': 2.2.2
      '@rspack/binding-win32-x64-msvc': 2.2.2
    dev: true

  /@rspack/core@2.2.2(@swc/helpers@0.5.23):
    resolution: {integrity: sha512-/yztfDZR5syIPBrUpzBpL+6fhhl0IHBPcXlNr4tOMBULbocFIz7Z4/cqvf1ix0DBbKpIGx99v6N1IDbk2gi8hw==}
    engines: {node: ^20.19.0 || >=22.12.0}
    peerDependencies:
      '@module-federation/runtime-tools': ^0.24.1 || ^2.0.0
      '@swc/helpers': ^0.5.23
    peerDependenciesMeta:
      '@module-federation/runtime-tools':
        optional: true
      '@swc/helpers':
        optional: true
    dependencies:
      '@rspack/binding': 2.2.2
      '@swc/helpers': 0.5.23
    dev: true

  /@rushstack/node-core-library@5.24.0(@types/node@24.13.3):
    resolution: {integrity: sha512-g/Z47ZwARn/VkTnHcyJslrR26erRf1G5JbqPlfGZGBCrOcrEt8fTQXXDVhUDDNl/g/v3TXI1dNiAAT5FEks8BA==}
    engines: {node: '>=20.9.0'}
    peerDependencies:
      '@types/node': '*'
    peerDependenciesMeta:
      '@types/node':
        optional: true
    dependencies:
      '@types/node': 24.13.3
      ajv: 8.20.0
      ajv-draft-04: 1.0.0(ajv@8.20.0)
      ajv-formats: 3.0.1(ajv@8.20.0)
      fs-extra: 11.3.6
      import-lazy: 4.0.0
      jju: 1.4.0
      resolve: 1.22.12
      semver: 7.7.4
    dev: true

  /@rushstack/problem-matcher@0.2.1(@types/node@24.13.3):
    resolution: {integrity: sha512-gulfhBs6n+I5b7DvjKRfhMGyUejtSgOHTclF/eONr8hcgF1APEDjhxIsfdUYYMzC3rvLwGluqLjbwCFZ8nxrog==}
    peerDependencies:
      '@types/node': '*'
    peerDependenciesMeta:
      '@types/node':
        optional: true
    dependencies:
      '@types/node': 24.13.3
    dev: true

  /@rushstack/rig-package@0.7.3:
    resolution: {integrity: sha512-aAA518n6wxxjCfnTAOjQnm7ngNE0FVHxHAw2pxKlIhxrMn0XQjGcXKF0oKWpjBgJOmsaJpVob/v+zr3zxgPWuA==}
    dependencies:
      jju: 1.4.0
      resolve: 1.22.12
    dev: true

  /@rushstack/terminal@0.24.3(@types/node@24.13.3):
    resolution: {integrity: sha512-KxphDhPGC4xDrKg8O4yrWCEpPMi87aJc1iycXqMVh1dLgV0M34hiH9ZTgWjBRmcrT/OIHoOeWf48npcQFzgp+g==}
    engines: {node: '>=20.9.0'}
    peerDependencies:
      '@types/node': '*'
    peerDependenciesMeta:
      '@types/node':
        optional: true
    dependencies:
      '@rushstack/node-core-library': 5.24.0(@types/node@24.13.3)
      '@rushstack/problem-matcher': 0.2.1(@types/node@24.13.3)
      '@types/node': 24.13.3
      supports-color: 8.1.1
    dev: true

  /@rushstack/ts-command-line@5.3.13(@types/node@24.13.3):
    resolution: {integrity: sha512-+jNbxhh8CkrZYxMk9X3GRYM2+Myr1xCCj+eHbJ9Vp+PCdNHS0TUl5QQFT6UbM/aTFRCzs5jiBTKYzBRpe5uYbQ==}
    engines: {node: '>=20.9.0'}
    dependencies:
      '@rushstack/terminal': 0.24.3(@types/node@24.13.3)
      '@types/argparse': 1.0.38
      argparse: 1.0.10
      string-argv: 0.3.2
    transitivePeerDependencies:
      - '@types/node'
    dev: true

  /@swc/helpers@0.5.23:
    resolution: {integrity: sha512-5lSsMOTXURePglDfvuAQUqkGek9Hg2kksOYay2m0+XR++b2NWYL/4sWyuvVBIs8oKnJaxkdi9whaL/sqN13afw==}
    dependencies:
      tslib: 2.8.1
    dev: true

  /@tybys/wasm-util@0.10.3:
    resolution: {integrity: sha512-F3fo1MYrRJYL3zER0OUOmkutjr1Vp23m7OsSgp7nq4SP6OqX6C/56XFIPAl5bt3zaBRjmW7SGz3u/6LwFpYcOg==}
    requiresBuild: true
    dependencies:
      tslib: 2.8.1
    dev: true
    optional: true

  /@types/argparse@1.0.38:
    resolution: {integrity: sha512-ebDJ9b0e702Yr7pWgB0jzm+CX4Srzz8RcXtLJDJB+BSccqMa36uyH/zUsSYao5+BD1ytv3k3rPYCq4mAE1hsXA==}
    dev: true

  /@types/node@24.13.3:
    resolution: {integrity: sha512-Dh8vAsV36ig5wa9OX4pXvMc9D3Veibfw2wix0CUwYODLD8nkj9UsLjASr49nPg+2eKzxhBV+v7L8pXvT4e639Q==}
    dependencies:
      undici-types: 7.18.2
    dev: true

  /ajv-draft-04@1.0.0(ajv@8.20.0):
    resolution: {integrity: sha512-mv00Te6nmYbRp5DCwclxtt7yV/joXJPGS7nM+97GdxvuttCOfgI3K4U25zboyeX0O+myI8ERluxQe5wljMmVIw==}
    peerDependencies:
      ajv: ^8.5.0
    peerDependenciesMeta:
      ajv:
        optional: true
    dependencies:
      ajv: 8.20.0
    dev: true

  /ajv-formats@3.0.1(ajv@8.20.0):
    resolution: {integrity: sha512-8iUql50EUR+uUcdRQ3HDqa6EVyo3docL8g5WJ3FNcWmu62IbkGUue/pEyLBW8VGKKucTPgqeks4fIU1DA4yowQ==}
    peerDependencies:
      ajv: ^8.0.0
    peerDependenciesMeta:
      ajv:
        optional: true
    dependencies:
      ajv: 8.20.0
    dev: true

  /ajv@8.18.0:
    resolution: {integrity: sha512-PlXPeEWMXMZ7sPYOHqmDyCJzcfNrUr3fGNKtezX14ykXOEIvyK81d+qydx89KY5O71FKMPaQ2vBfBFI5NHR63A==}
    dependencies:
      fast-deep-equal: 3.1.3
      fast-uri: 3.1.6
      json-schema-traverse: 1.0.0
      require-from-string: 2.0.2
    dev: true

  /ajv@8.20.0:
    resolution: {integrity: sha512-Thbli+OlOj+iMPYFBVBfJ3OmCAnaSyNn4M1vz9T6Gka5Jt9ba/HIR56joy65tY6kx/FCF5VXNB819Y7/GUrBGA==}
    dependencies:
      fast-deep-equal: 3.1.3
      fast-uri: 3.1.6
      json-schema-traverse: 1.0.0
      require-from-string: 2.0.2
    dev: true

  /argparse@1.0.10:
    resolution: {integrity: sha512-o5Roy6tNG4SL/FOkCAN6RzjiakZS25RLYFrcMttJqbdd8BWrnA+fGz57iN5Pb06pvBGvl5gQ0B48dJlslXvoTg==}
    dependencies:
      sprintf-js: 1.0.3
    dev: true

  /balanced-match@4.0.4:
    resolution: {integrity: sha512-BLrgEcRTwX2o6gGxGOCNyMvGSp35YofuYzw9h1IMTRmKqttAZZVU67bdb9Pr2vUHA8+j3i2tJfjO6C6+4myGTA==}
    engines: {node: 18 || 20 || >=22}
    dev: true

  /brace-expansion@5.0.9:
    resolution: {integrity: sha512-ScQ4IuvIEF1TMlP7Zt+vjJ//9zlPb2SDcxWxM3bk8s6t6GGdJ7KO1dCcTidOPJKePW30LE/2cT7wCyPho9/Wxg==}
    engines: {node: 20 || >=22}
    dependencies:
      balanced-match: 4.0.4
    dev: true

  /diff@8.0.4:
    resolution: {integrity: sha512-DPi0FmjiSU5EvQV0++GFDOJ9ASQUVFh5kD+OzOnYdi7n3Wpm9hWWGfB/O2blfHcMVTL5WkQXSnRiK9makhrcnw==}
    engines: {node: '>=0.3.1'}
    dev: true

  /es-errors@1.3.0:
    resolution: {integrity: sha512-Zf5H2Kxt2xjTvbJvP2ZWLEICxA6j+hAmMzIlypy4xcBg1vKVnx89Wy0GbS+kf5cwCVFFzdCFh2XSCFNULS6csw==}
    engines: {node: '>= 0.4'}
    dev: true

  /fast-deep-equal@3.1.3:
    resolution: {integrity: sha512-f3qQ9oQy9j2AhBe/H9VC91wLmKBCCU/gDOnKNAYG5hswO7BLKj09Hc5HYNz9cGI++xlpDCIgDaitVs03ATR84Q==}
    dev: true

  /fast-uri@3.1.6:
    resolution: {integrity: sha512-7Ical1vFEMr0onbVzEDIreM22I4khW+fzyQPwvAFWBp1iwdshSZRsL4jjRvPG9JP1uiqMHRto+YU6R2/CzDz5Q==}
    dev: true

  /fs-extra@11.3.6:
    resolution: {integrity: sha512-w8ZNZr2mKIc7qeNaQ9AVPT1+iFaI+Avd4xudVOvdDJ8VytREi1Ft5Ih7hd9jjehod8vAM5GMsfQ/TpPf4EyoEA==}
    engines: {node: '>=14.14'}
    dependencies:
      graceful-fs: 4.2.11
      jsonfile: 6.2.1
      universalify: 2.0.1
    dev: true

  /function-bind@1.1.2:
    resolution: {integrity: sha512-7XHNxH7qX9xG5mIwxkhumTox/MIRNcOgDrxWsMt2pAr23WHp6MrRlN7FBSFpCpr+oVO0F744iUgR82nJMfG2SA==}
    dev: true

  /graceful-fs@4.2.11:
    resolution: {integrity: sha512-RbJ5/jmFcNNCcDV5o9eTnBLJ/HszWV0P73bc+Ff4nS/rJj+YaS6IGyiOL0VoBYX+l1Wrl3k63h/KrH+nhJ0XvQ==}
    dev: true

  /has-flag@4.0.0:
    resolution: {integrity: sha512-EykJT/Q1KjTWctppgIAgfSO0tKVuZUjhgMr17kqTumMl6Afv3EISleU7qZUzoXDFTAHTDC4NOoG/ZxU3EvlMPQ==}
    engines: {node: '>=8'}
    dev: true

  /hasown@2.0.4:
    resolution: {integrity: sha512-T2UbfbBEF32wiepXIsMlTW9+dDYC6wMh/t/vYA4tuOMKqWz/n3vr1NFSxQiyP+zk2mXsoMA/i/7qV6LKut1t1A==}
    engines: {node: '>= 0.4'}
    dependencies:
      function-bind: 1.1.2
    dev: true

  /import-lazy@4.0.0:
    resolution: {integrity: sha512-rKtvo6a868b5Hu3heneU+L4yEQ4jYKLtjpnPeUdK7h0yzXGmyBTypknlkCvHFBqfX9YlorEiMM6Dnq/5atfHkw==}
    engines: {node: '>=8'}
    dev: true

  /is-core-module@2.16.2:
    resolution: {integrity: sha512-evOr8xfXKxE6qSR0hSXL2r3sd7ALj8+7jQEUvPYcm5sgZFdJ+AYzT6yNmJenvIYQBgIGwfwz08sL8zoL7yq2BA==}
    engines: {node: '>= 0.4'}
    dependencies:
      hasown: 2.0.4
    dev: true

  /jju@1.4.0:
    resolution: {integrity: sha512-8wb9Yw966OSxApiCt0K3yNJL8pnNeIv+OEq2YMidz4FKP6nonSRoOXc80iXY4JaN2FC11B9qsNmDsm+ZOfMROA==}
    dev: true

  /json-schema-traverse@1.0.0:
    resolution: {integrity: sha512-NM8/P9n3XjXhIZn1lLhkFaACTOURQXjWhV4BA/RnOv8xvgqtqpAX9IO4mRQxSx1Rlo4tqzeqb0sOlruaOy3dug==}
    dev: true

  /jsonfile@6.2.1:
    resolution: {integrity: sha512-zwOTdL3rFQ/lRdBnntKVOX6k5cKJwEc1HdilT71BWEu7J41gXIB2MRp+vxduPSwZJPWBxEzv4yH1wYLJGUHX4Q==}
    dependencies:
      universalify: 2.0.1
    optionalDependencies:
      graceful-fs: 4.2.11
    dev: true

  /minimatch@10.2.3:
    resolution: {integrity: sha512-Rwi3pnapEqirPSbWbrZaa6N3nmqq4Xer/2XooiOKyV3q12ML06f7MOuc5DVH8ONZIFhwIYQ3yzPH4nt7iWHaTg==}
    engines: {node: 18 || 20 || >=22}
    dependencies:
      brace-expansion: 5.0.9
    dev: true

  /path-parse@1.0.7:
    resolution: {integrity: sha512-LDJzPVEEEPR+y48z93A0Ed0yXb8pAByGWo/k5YYdYgpY2/2EsOsksJrq7lOHxryrVOn1ejG6oAp8ahvOIQD8sw==}
    dev: true

  /require-from-string@2.0.2:
    resolution: {integrity: sha512-Xf0nWe6RseziFMu+Ap9biiUbmplq6S9/p+7w7YXP/JBHhrUDDUhwa+vANyubuqfZWTveU//DYVGsDG7RKL/vEw==}
    engines: {node: '>=0.10.0'}
    dev: true

  /resolve@1.22.12:
    resolution: {integrity: sha512-TyeJ1zif53BPfHootBGwPRYT1RUt6oGWsaQr8UyZW/eAm9bKoijtvruSDEmZHm92CwS9nj7/fWttqPCgzep8CA==}
    engines: {node: '>= 0.4'}
    hasBin: true
    dependencies:
      es-errors: 1.3.0
      is-core-module: 2.16.2
      path-parse: 1.0.7
      supports-preserve-symlinks-flag: 1.0.0
    dev: true

  /rsbuild-plugin-dts@1.0.0(@microsoft/api-extractor@7.59.0)(@rsbuild/core@2.2.2)(typescript@6.0.3):
    resolution: {integrity: sha512-FVoTsiTfSc0LPeSjrVhpvFOBRig0YXJq3Hp+bVxzh9/bzFvODzLRWOEux8q1Phe1oVCIIVSc2+Nb7kDcxIhosw==}
    engines: {node: ^20.19.0 || >=22.12.0}
    peerDependencies:
      '@microsoft/api-extractor': ^7
      '@rsbuild/core': ^2.0.0
      typescript: ^5 || ^6 || ^7
    peerDependenciesMeta:
      '@microsoft/api-extractor':
        optional: true
      typescript:
        optional: true
    dependencies:
      '@ast-grep/napi': 0.45.2
      '@microsoft/api-extractor': 7.59.0(@types/node@24.13.3)
      '@rsbuild/core': 2.2.2
      typescript: 6.0.3
    dev: true

  /semver@7.7.4:
    resolution: {integrity: sha512-vFKC2IEtQnVhpT78h1Yp8wzwrf8CM+MzKMHGJZfBtzhZNycRFnXsHk6E5TxIkkMsgNS7mdX3AGB7x2QM2di4lA==}
    engines: {node: '>=10'}
    hasBin: true
    dev: true

  /source-map@0.6.1:
    resolution: {integrity: sha512-UjgapumWlbMhkBgzT7Ykc5YXUT46F0iKu8SGXq0bcwP5dz/h0Plj6enJqjz1Zbq2l5WaqYnrVbwWOWMyF3F47g==}
    engines: {node: '>=0.10.0'}
    dev: true

  /sprintf-js@1.0.3:
    resolution: {integrity: sha512-D9cPgkvLlV3t3IzL0D0YLvGA9Ahk4PcvVwUbN0dSGr1aP0Nrt4AEnTUbuGvquEC0mA64Gqt1fzirlRs5ibXx8g==}
    dev: true

  /string-argv@0.3.2:
    resolution: {integrity: sha512-aqD2Q0144Z+/RqG52NeHEkZauTAUWJO8c6yTftGJKO3Tja5tUgIfmIl6kExvhtxSDP7fXB6DvzkfMpCd/F3G+Q==}
    engines: {node: '>=0.6.19'}
    dev: true

  /supports-color@8.1.1:
    resolution: {integrity: sha512-MpUEN2OodtUzxvKQl72cUF7RQ5EiHsGvSsVG0ia9c5RbWGL2CI4C7EpPS8UTBIplnlzZiNuV56w+FuNxy3ty2Q==}
    engines: {node: '>=10'}
    dependencies:
      has-flag: 4.0.0
    dev: true

  /supports-preserve-symlinks-flag@1.0.0:
    resolution: {integrity: sha512-ot0WnXS9fgdkgIcePe6RHNk1WA8+muPa6cSjeR3V8K27q9BB1rTE3R1p7Hv0z1ZyAc8s6Vvv8DIyWf681MAt0w==}
    engines: {node: '>= 0.4'}
    dev: true

  /tslib@2.8.1:
    resolution: {integrity: sha512-oJFu94HQb+KVduSUQL7wnpmqnfmLsOA/nAh6b6EH0wCEoK0/mPeXU6c3wKDV83MkOuHPRHtSXKKU99IBazS/2w==}
    dev: true

  /typescript@5.9.3:
    resolution: {integrity: sha512-jl1vZzPDinLr9eUt3J/t7V6FgNEw9QjvBPdysz9KfQDD41fQrC2Y4vKQdiaUpFT4bXlb1RHhLpp8wtm6M5TgSw==}
    engines: {node: '>=14.17'}
    hasBin: true
    dev: true

  /typescript@6.0.3:
    resolution: {integrity: sha512-y2TvuxSZPDyQakkFRPZHKFm+KKVqIisdg9/CZwm9ftvKXLP8NRWj38/ODjNbr43SsoXqNuAisEf1GdCxqWcdBw==}
    engines: {node: '>=14.17'}
    hasBin: true
    dev: true

  /undici-types@7.18.2:
    resolution: {integrity: sha512-AsuCzffGHJybSaRrmr5eHr81mwJU3kjw6M+uprWvCXiNeN9SOGwQ3Jn8jb8m3Z6izVgknn1R0FTCEAP2QrLY/w==}
    dev: true

  /universalify@2.0.1:
    resolution: {integrity: sha512-gptHNQghINnc/vTGIk0SOFGFNXw7JVrlRUtConJRlvaw6DuX0wO5Jeko9sWrMBhh+PsYAZ7oXAiOnf/UKogyiw==}
    engines: {node: '>= 10.0.0'}
    dev: true
